
Microsoft Visual Studio Solution File, Format Version 12.00
# Visual Studio 2012
Project("{FAE04EC0-301F-11D3-BF4B-00C04F79EFBC}") = "WorldOfTank", "WorldOfTank\WorldOfTank.csproj", "{BDF3B3EE-1A45-453E-829A-9EE99DF3B20D}"
EndProject
Global
	GlobalSection(SolutionConfigurationPlatforms) = preSolution
		Debug|Any CPU = Debug|Any CPU
		Release|Any CPU = Release|Any CPU
	EndGlobalSection
	GlobalSection(ProjectConfigurationPlatforms) = postSolution
		{BDF3B3EE-1A45-453E-829A-9EE99DF3B20D}.Debug|Any CPU.ActiveCfg = Debug|Any CPU
		{BDF3B3EE-1A45-453E-829A-9EE99DF3B20D}.Debug|Any CPU.Build.0 = Debug|Any CPU
		{BDF3B3EE-1A45-453E-829A-9EE99DF3B20D}.Release|Any CPU.ActiveCfg = Release|Any CPU
		{BDF3B3EE-1A45-453E-829A-9EE99DF3B20D}.Release|Any CPU.Build.0 = Release|Any CPU
	EndGlobalSection
	GlobalSection(SolutionProperties) = preSolution
		HideSolutionNode = FALSE
	EndGlobalSection
EndGlobal
